Microsoft Visual Studio Solution File, Format Version 12.00
# Visual Studio 15
Project("{2150E333-8FDC-42A3-9474-1A3956D46DE8}") = "CMakePredefinedTargets", "CMakePredefinedTargets", "{494F819E-6E57-351A-B865-5EC260360600}"
EndProject
Project("{2150E333-8FDC-42A3-9474-1A3956D46DE8}") = "External", "External", "{8CB38F57-0D0D-3DFB-8CCF-E7298E84F2D6}"
EndProject
Project("{2150E333-8FDC-42A3-9474-1A3956D46DE8}") = "Internal", "Internal", "{423AC4AE-69AE-36A8-AE8C-2C87095010DE}"
EndProject
Project("{2150E333-8FDC-42A3-9474-1A3956D46DE8}") = "Utils", "Utils", "{84824816-E590-3E1A-8347-6D85CA903FBA}"
EndProject
Project("{8BC9CEB8-8B4A-11D0-8D11-00A0C91BC942}") = "ALL_BUILD", "ALL_BUILD.vcxproj", "{638A84B9-9066-32B6-B0C9-17F27A17C85A}"
	ProjectSection(ProjectDependencies) = postProject
		{1A801E3C-E24F-3DD8-AEFA-7BF6762F16ED} = {1A801E3C-E24F-3DD8-AEFA-7BF6762F16ED}
		{F855B679-6764-31A6-98A5-81D1B6D88D4F} = {F855B679-6764-31A6-98A5-81D1B6D88D4F}
		{DF24D51A-6770-39D5-AC3B-277CE098F96F} = {DF24D51A-6770-39D5-AC3B-277CE098F96F}
		{ACC8A59B-2141-369C-A2B4-70758591991E} = {ACC8A59B-2141-369C-A2B4-70758591991E}
		{7C2F27DE-B8F7-3807-9349-BF73DB7E0E55} = {7C2F27DE-B8F7-3807-9349-BF73DB7E0E55}
		{B8569FE2-F5DC-3159-A51A-51B699E438DB} = {B8569FE2-F5DC-3159-A51A-51B699E438DB}
		{40CE43A6-4454-386A-AE12-A976171DC72A} = {40CE43A6-4454-386A-AE12-A976171DC72A}
		{A458ECE8-D204-3AD4-A795-D6E80EB7DB95} = {A458ECE8-D204-3AD4-A795-D6E80EB7DB95}
		{299974C0-802E-356F-8558-E2D68C9DCB90} = {299974C0-802E-356F-8558-E2D68C9DCB90}
		{860A56AE-6A7C-322B-89EA-0A43DBE5B6A5} = {860A56AE-6A7C-322B-89EA-0A43DBE5B6A5}
		{D4BEC0DD-81AD-37D2-B261-7DF14EC421FC} = {D4BEC0DD-81AD-37D2-B261-7DF14EC421FC}
		{B97BA6DF-1B98-365C-A732-D2D858108002} = {B97BA6DF-1B98-365C-A732-D2D858108002}
		{23FD4C9D-F3C7-3DCA-9AF6-44D5B1CB683E} = {23FD4C9D-F3C7-3DCA-9AF6-44D5B1CB683E}
		{3098A75C-D9B8-324E-9301-CE5D54841C1A} = {3098A75C-D9B8-324E-9301-CE5D54841C1A}
		{8FB85C74-8831-38C2-A1F7-9BC895FB958B} = {8FB85C74-8831-38C2-A1F7-9BC895FB958B}
	EndProjectSection
EndProject
Project("{8BC9CEB8-8B4A-11D0-8D11-00A0C91BC942}") = "ProjectGG", "ProjectGG.vcxproj", "{1A801E3C-E24F-3DD8-AEFA-7BF6762F16ED}"
	ProjectSection(ProjectDependencies) = postProject
		{F855B679-6764-31A6-98A5-81D1B6D88D4F} = {F855B679-6764-31A6-98A5-81D1B6D88D4F}
		{DF24D51A-6770-39D5-AC3B-277CE098F96F} = {DF24D51A-6770-39D5-AC3B-277CE098F96F}
		{ACC8A59B-2141-369C-A2B4-70758591991E} = {ACC8A59B-2141-369C-A2B4-70758591991E}
		{7C2F27DE-B8F7-3807-9349-BF73DB7E0E55} = {7C2F27DE-B8F7-3807-9349-BF73DB7E0E55}
		{B8569FE2-F5DC-3159-A51A-51B699E438DB} = {B8569FE2-F5DC-3159-A51A-51B699E438DB}
		{40CE43A6-4454-386A-AE12-A976171DC72A} = {40CE43A6-4454-386A-AE12-A976171DC72A}
		{A458ECE8-D204-3AD4-A795-D6E80EB7DB95} = {A458ECE8-D204-3AD4-A795-D6E80EB7DB95}
		{299974C0-802E-356F-8558-E2D68C9DCB90} = {299974C0-802E-356F-8558-E2D68C9DCB90}
		{860A56AE-6A7C-322B-89EA-0A43DBE5B6A5} = {860A56AE-6A7C-322B-89EA-0A43DBE5B6A5}
		{D4BEC0DD-81AD-37D2-B261-7DF14EC421FC} = {D4BEC0DD-81AD-37D2-B261-7DF14EC421FC}
		{B97BA6DF-1B98-365C-A732-D2D858108002} = {B97BA6DF-1B98-365C-A732-D2D858108002}
		{23FD4C9D-F3C7-3DCA-9AF6-44D5B1CB683E} = {23FD4C9D-F3C7-3DCA-9AF6-44D5B1CB683E}
		{3098A75C-D9B8-324E-9301-CE5D54841C1A} = {3098A75C-D9B8-324E-9301-CE5D54841C1A}
		{8FB85C74-8831-38C2-A1F7-9BC895FB958B} = {8FB85C74-8831-38C2-A1F7-9BC895FB958B}
	EndProjectSection
EndProject
Project("{8BC9CEB8-8B4A-11D0-8D11-00A0C91BC942}") = "SYNC_RESOURCE-ProjectGG", "SYNC_RESOURCE-ProjectGG.vcxproj", "{F855B679-6764-31A6-98A5-81D1B6D88D4F}"
	ProjectSection(ProjectDependencies) = postProject
		{DF24D51A-6770-39D5-AC3B-277CE098F96F} = {DF24D51A-6770-39D5-AC3B-277CE098F96F}
	EndProjectSection
EndProject
Project("{8BC9CEB8-8B4A-11D0-8D11-00A0C91BC942}") = "ZERO_CHECK", "ZERO_CHECK.vcxproj", "{DF24D51A-6770-39D5-AC3B-277CE098F96F}"
	ProjectSection(ProjectDependencies) = postProject
	EndProjectSection
EndProject
Project("{8BC9CEB8-8B4A-11D0-8D11-00A0C91BC942}") = "cocos2d", "engine\cocos\core\cocos2d.vcxproj", "{ACC8A59B-2141-369C-A2B4-70758591991E}"
	ProjectSection(ProjectDependencies) = postProject
		{DF24D51A-6770-39D5-AC3B-277CE098F96F} = {DF24D51A-6770-39D5-AC3B-277CE098F96F}
		{7C2F27DE-B8F7-3807-9349-BF73DB7E0E55} = {7C2F27DE-B8F7-3807-9349-BF73DB7E0E55}
		{B8569FE2-F5DC-3159-A51A-51B699E438DB} = {B8569FE2-F5DC-3159-A51A-51B699E438DB}
		{40CE43A6-4454-386A-AE12-A976171DC72A} = {40CE43A6-4454-386A-AE12-A976171DC72A}
		{A458ECE8-D204-3AD4-A795-D6E80EB7DB95} = {A458ECE8-D204-3AD4-A795-D6E80EB7DB95}
		{299974C0-802E-356F-8558-E2D68C9DCB90} = {299974C0-802E-356F-8558-E2D68C9DCB90}
		{860A56AE-6A7C-322B-89EA-0A43DBE5B6A5} = {860A56AE-6A7C-322B-89EA-0A43DBE5B6A5}
		{D4BEC0DD-81AD-37D2-B261-7DF14EC421FC} = {D4BEC0DD-81AD-37D2-B261-7DF14EC421FC}
		{B97BA6DF-1B98-365C-A732-D2D858108002} = {B97BA6DF-1B98-365C-A732-D2D858108002}
		{23FD4C9D-F3C7-3DCA-9AF6-44D5B1CB683E} = {23FD4C9D-F3C7-3DCA-9AF6-44D5B1CB683E}
		{3098A75C-D9B8-324E-9301-CE5D54841C1A} = {3098A75C-D9B8-324E-9301-CE5D54841C1A}
		{8FB85C74-8831-38C2-A1F7-9BC895FB958B} = {8FB85C74-8831-38C2-A1F7-9BC895FB958B}
	EndProjectSection
EndProject
Project("{8BC9CEB8-8B4A-11D0-8D11-00A0C91BC942}") = "ext_clipper", "engine\external\clipper\ext_clipper.vcxproj", "{7C2F27DE-B8F7-3807-9349-BF73DB7E0E55}"
	ProjectSection(ProjectDependencies) = postProject
		{DF24D51A-6770-39D5-AC3B-277CE098F96F} = {DF24D51A-6770-39D5-AC3B-277CE098F96F}
	EndProjectSection
EndProject
Project("{8BC9CEB8-8B4A-11D0-8D11-00A0C91BC942}") = "ext_convertUTF", "engine\external\ConvertUTF\ext_convertUTF.vcxproj", "{B8569FE2-F5DC-3159-A51A-51B699E438DB}"
	ProjectSection(ProjectDependencies) = postProject
		{DF24D51A-6770-39D5-AC3B-277CE098F96F} = {DF24D51A-6770-39D5-AC3B-277CE098F96F}
	EndProjectSection
EndProject
Project("{8BC9CEB8-8B4A-11D0-8D11-00A0C91BC942}") = "ext_edtaa3func", "engine\external\edtaa3func\ext_edtaa3func.vcxproj", "{40CE43A6-4454-386A-AE12-A976171DC72A}"
	ProjectSection(ProjectDependencies) = postProject
		{DF24D51A-6770-39D5-AC3B-277CE098F96F} = {DF24D51A-6770-39D5-AC3B-277CE098F96F}
	EndProjectSection
EndProject
Project("{8BC9CEB8-8B4A-11D0-8D11-00A0C91BC942}") = "ext_md5", "engine\external\md5\ext_md5.vcxproj", "{A458ECE8-D204-3AD4-A795-D6E80EB7DB95}"
	ProjectSection(ProjectDependencies) = postProject
		{DF24D51A-6770-39D5-AC3B-277CE098F96F} = {DF24D51A-6770-39D5-AC3B-277CE098F96F}
	EndProjectSection
EndProject
Project("{8BC9CEB8-8B4A-11D0-8D11-00A0C91BC942}") = "ext_poly2tri", "engine\external\poly2tri\ext_poly2tri.vcxproj", "{299974C0-802E-356F-8558-E2D68C9DCB90}"
	ProjectSection(ProjectDependencies) = postProject
		{DF24D51A-6770-39D5-AC3B-277CE098F96F} = {DF24D51A-6770-39D5-AC3B-277CE098F96F}
	EndProjectSection
EndProject
Project("{8BC9CEB8-8B4A-11D0-8D11-00A0C91BC942}") = "ext_recast", "engine\external\recast\ext_recast.vcxproj", "{860A56AE-6A7C-322B-89EA-0A43DBE5B6A5}"
	ProjectSection(ProjectDependencies) = postProject
		{DF24D51A-6770-39D5-AC3B-277CE098F96F} = {DF24D51A-6770-39D5-AC3B-277CE098F96F}
	EndProjectSection
EndProject
Project("{8BC9CEB8-8B4A-11D0-8D11-00A0C91BC942}") = "ext_tinyxml2", "engine\external\tinyxml2\ext_tinyxml2.vcxproj", "{D4BEC0DD-81AD-37D2-B261-7DF14EC421FC}"
	ProjectSection(ProjectDependencies) = postProject
		{DF24D51A-6770-39D5-AC3B-277CE098F96F} = {DF24D51A-6770-39D5-AC3B-277CE098F96F}
	EndProjectSection
EndProject
Project("{8BC9CEB8-8B4A-11D0-8D11-00A0C91BC942}") = "ext_unzip", "engine\external\unzip\ext_unzip.vcxproj", "{B97BA6DF-1B98-365C-A732-D2D858108002}"
	ProjectSection(ProjectDependencies) = postProject
		{DF24D51A-6770-39D5-AC3B-277CE098F96F} = {DF24D51A-6770-39D5-AC3B-277CE098F96F}
	EndProjectSection
EndProject
Project("{8BC9CEB8-8B4A-11D0-8D11-00A0C91BC942}") = "ext_xxhash", "engine\external\xxhash\ext_xxhash.vcxproj", "{23FD4C9D-F3C7-3DCA-9AF6-44D5B1CB683E}"
	ProjectSection(ProjectDependencies) = postProject
		{DF24D51A-6770-39D5-AC3B-277CE098F96F} = {DF24D51A-6770-39D5-AC3B-277CE098F96F}
	EndProjectSection
EndProject
Project("{8BC9CEB8-8B4A-11D0-8D11-00A0C91BC942}") = "ext_xxtea", "engine\external\xxtea\ext_xxtea.vcxproj", "{3098A75C-D9B8-324E-9301-CE5D54841C1A}"
	ProjectSection(ProjectDependencies) = postProject
		{DF24D51A-6770-39D5-AC3B-277CE098F96F} = {DF24D51A-6770-39D5-AC3B-277CE098F96F}
	EndProjectSection
EndProject
Project("{8BC9CEB8-8B4A-11D0-8D11-00A0C91BC942}") = "external", "engine\external\external.vcxproj", "{8FB85C74-8831-38C2-A1F7-9BC895FB958B}"
	ProjectSection(ProjectDependencies) = postProject
		{DF24D51A-6770-39D5-AC3B-277CE098F96F} = {DF24D51A-6770-39D5-AC3B-277CE098F96F}
		{7C2F27DE-B8F7-3807-9349-BF73DB7E0E55} = {7C2F27DE-B8F7-3807-9349-BF73DB7E0E55}
		{B8569FE2-F5DC-3159-A51A-51B699E438DB} = {B8569FE2-F5DC-3159-A51A-51B699E438DB}
		{40CE43A6-4454-386A-AE12-A976171DC72A} = {40CE43A6-4454-386A-AE12-A976171DC72A}
		{A458ECE8-D204-3AD4-A795-D6E80EB7DB95} = {A458ECE8-D204-3AD4-A795-D6E80EB7DB95}
		{299974C0-802E-356F-8558-E2D68C9DCB90} = {299974C0-802E-356F-8558-E2D68C9DCB90}
		{860A56AE-6A7C-322B-89EA-0A43DBE5B6A5} = {860A56AE-6A7C-322B-89EA-0A43DBE5B6A5}
		{D4BEC0DD-81AD-37D2-B261-7DF14EC421FC} = {D4BEC0DD-81AD-37D2-B261-7DF14EC421FC}
		{B97BA6DF-1B98-365C-A732-D2D858108002} = {B97BA6DF-1B98-365C-A732-D2D858108002}
		{23FD4C9D-F3C7-3DCA-9AF6-44D5B1CB683E} = {23FD4C9D-F3C7-3DCA-9AF6-44D5B1CB683E}
		{3098A75C-D9B8-324E-9301-CE5D54841C1A} = {3098A75C-D9B8-324E-9301-CE5D54841C1A}
	EndProjectSection
EndProject
Global
	GlobalSection(SolutionConfigurationPlatforms) = preSolution
		Debug|Win32 = Debug|Win32
		Release|Win32 = Release|Win32
		MinSizeRel|Win32 = MinSizeRel|Win32
		RelWithDebInfo|Win32 = RelWithDebInfo|Win32
	EndGlobalSection
	GlobalSection(ProjectConfigurationPlatforms) = postSolution
		{638A84B9-9066-32B6-B0C9-17F27A17C85A}.Debug|Win32.ActiveCfg = Debug|Win32
		{638A84B9-9066-32B6-B0C9-17F27A17C85A}.Release|Win32.ActiveCfg = Release|Win32
		{638A84B9-9066-32B6-B0C9-17F27A17C85A}.MinSizeRel|Win32.ActiveCfg = MinSizeRel|Win32
		{638A84B9-9066-32B6-B0C9-17F27A17C85A}.RelWithDebInfo|Win32.ActiveCfg = RelWithDebInfo|Win32
		{1A801E3C-E24F-3DD8-AEFA-7BF6762F16ED}.Debug|Win32.ActiveCfg = Debug|Win32
		{1A801E3C-E24F-3DD8-AEFA-7BF6762F16ED}.Debug|Win32.Build.0 = Debug|Win32
		{1A801E3C-E24F-3DD8-AEFA-7BF6762F16ED}.Release|Win32.ActiveCfg = Release|Win32
		{1A801E3C-E24F-3DD8-AEFA-7BF6762F16ED}.Release|Win32.Build.0 = Release|Win32
		{1A801E3C-E24F-3DD8-AEFA-7BF6762F16ED}.MinSizeRel|Win32.ActiveCfg = MinSizeRel|Win32
		{1A801E3C-E24F-3DD8-AEFA-7BF6762F16ED}.MinSizeRel|Win32.Build.0 = MinSizeRel|Win32
		{1A801E3C-E24F-3DD8-AEFA-7BF6762F16ED}.RelWithDebInfo|Win32.ActiveCfg = RelWithDebInfo|Win32
		{1A801E3C-E24F-3DD8-AEFA-7BF6762F16ED}.RelWithDebInfo|Win32.Build.0 = RelWithDebInfo|Win32
		{F855B679-6764-31A6-98A5-81D1B6D88D4F}.Debug|Win32.ActiveCfg = Debug|Win32
		{F855B679-6764-31A6-98A5-81D1B6D88D4F}.Debug|Win32.Build.0 = Debug|Win32
		{F855B679-6764-31A6-98A5-81D1B6D88D4F}.Release|Win32.ActiveCfg = Release|Win32
		{F855B679-6764-31A6-98A5-81D1B6D88D4F}.Release|Win32.Build.0 = Release|Win32
		{F855B679-6764-31A6-98A5-81D1B6D88D4F}.MinSizeRel|Win32.ActiveCfg = MinSizeRel|Win32
		{F855B679-6764-31A6-98A5-81D1B6D88D4F}.MinSizeRel|Win32.Build.0 = MinSizeRel|Win32
		{F855B679-6764-31A6-98A5-81D1B6D88D4F}.RelWithDebInfo|Win32.ActiveCfg = RelWithDebInfo|Win32
		{F855B679-6764-31A6-98A5-81D1B6D88D4F}.RelWithDebInfo|Win32.Build.0 = RelWithDebInfo|Win32
		{DF24D51A-6770-39D5-AC3B-277CE098F96F}.Debug|Win32.ActiveCfg = Debug|Win32
		{DF24D51A-6770-39D5-AC3B-277CE098F96F}.Debug|Win32.Build.0 = Debug|Win32
		{DF24D51A-6770-39D5-AC3B-277CE098F96F}.Release|Win32.ActiveCfg = Release|Win32
		{DF24D51A-6770-39D5-AC3B-277CE098F96F}.Release|Win32.Build.0 = Release|Win32
		{DF24D51A-6770-39D5-AC3B-277CE098F96F}.MinSizeRel|Win32.ActiveCfg = MinSizeRel|Win32
		{DF24D51A-6770-39D5-AC3B-277CE098F96F}.MinSizeRel|Win32.Build.0 = MinSizeRel|Win32
		{DF24D51A-6770-39D5-AC3B-277CE098F96F}.RelWithDebInfo|Win32.ActiveCfg = RelWithDebInfo|Win32
		{DF24D51A-6770-39D5-AC3B-277CE098F96F}.RelWithDebInfo|Win32.Build.0 = RelWithDebInfo|Win32
		{ACC8A59B-2141-369C-A2B4-70758591991E}.Debug|Win32.ActiveCfg = Debug|Win32
		{ACC8A59B-2141-369C-A2B4-70758591991E}.Debug|Win32.Build.0 = Debug|Win32
		{ACC8A59B-2141-369C-A2B4-70758591991E}.Release|Win32.ActiveCfg = Release|Win32
		{ACC8A59B-2141-369C-A2B4-70758591991E}.Release|Win32.Build.0 = Release|Win32
		{ACC8A59B-2141-369C-A2B4-70758591991E}.MinSizeRel|Win32.ActiveCfg = MinSizeRel|Win32
		{ACC8A59B-2141-369C-A2B4-70758591991E}.MinSizeRel|Win32.Build.0 = MinSizeRel|Win32
		{ACC8A59B-2141-369C-A2B4-70758591991E}.RelWithDebInfo|Win32.ActiveCfg = RelWithDebInfo|Win32
		{ACC8A59B-2141-369C-A2B4-70758591991E}.RelWithDebInfo|Win32.Build.0 = RelWithDebInfo|Win32
		{7C2F27DE-B8F7-3807-9349-BF73DB7E0E55}.Debug|Win32.ActiveCfg = Debug|Win32
		{7C2F27DE-B8F7-3807-9349-BF73DB7E0E55}.Debug|Win32.Build.0 = Debug|Win32
		{7C2F27DE-B8F7-3807-9349-BF73DB7E0E55}.Release|Win32.ActiveCfg = Release|Win32
		{7C2F27DE-B8F7-3807-9349-BF73DB7E0E55}.Release|Win32.Build.0 = Release|Win32
		{7C2F27DE-B8F7-3807-9349-BF73DB7E0E55}.MinSizeRel|Win32.ActiveCfg = MinSizeRel|Win32
		{7C2F27DE-B8F7-3807-9349-BF73DB7E0E55}.MinSizeRel|Win32.Build.0 = MinSizeRel|Win32
		{7C2F27DE-B8F7-3807-9349-BF73DB7E0E55}.RelWithDebInfo|Win32.ActiveCfg = RelWithDebInfo|Win32
		{7C2F27DE-B8F7-3807-9349-BF73DB7E0E55}.RelWithDebInfo|Win32.Build.0 = RelWithDebInfo|Win32
		{B8569FE2-F5DC-3159-A51A-51B699E438DB}.Debug|Win32.ActiveCfg = Debug|Win32
		{B8569FE2-F5DC-3159-A51A-51B699E438DB}.Debug|Win32.Build.0 = Debug|Win32
		{B8569FE2-F5DC-3159-A51A-51B699E438DB}.Release|Win32.ActiveCfg = Release|Win32
		{B8569FE2-F5DC-3159-A51A-51B699E438DB}.Release|Win32.Build.0 = Release|Win32
		{B8569FE2-F5DC-3159-A51A-51B699E438DB}.MinSizeRel|Win32.ActiveCfg = MinSizeRel|Win32
		{B8569FE2-F5DC-3159-A51A-51B699E438DB}.MinSizeRel|Win32.Build.0 = MinSizeRel|Win32
		{B8569FE2-F5DC-3159-A51A-51B699E438DB}.RelWithDebInfo|Win32.ActiveCfg = RelWithDebInfo|Win32
		{B8569FE2-F5DC-3159-A51A-51B699E438DB}.RelWithDebInfo|Win32.Build.0 = RelWithDebInfo|Win32
		{40CE43A6-4454-386A-AE12-A976171DC72A}.Debug|Win32.ActiveCfg = Debug|Win32
		{40CE43A6-4454-386A-AE12-A976171DC72A}.Debug|Win32.Build.0 = Debug|Win32
		{40CE43A6-4454-386A-AE12-A976171DC72A}.Release|Win32.ActiveCfg = Release|Win32
		{40CE43A6-4454-386A-AE12-A976171DC72A}.Release|Win32.Build.0 = Release|Win32
		{40CE43A6-4454-386A-AE12-A976171DC72A}.MinSizeRel|Win32.ActiveCfg = MinSizeRel|Win32
		{40CE43A6-4454-386A-AE12-A976171DC72A}.MinSizeRel|Win32.Build.0 = MinSizeRel|Win32
		{40CE43A6-4454-386A-AE12-A976171DC72A}.RelWithDebInfo|Win32.ActiveCfg = RelWithDebInfo|Win32
		{40CE43A6-4454-386A-AE12-A976171DC72A}.RelWithDebInfo|Win32.Build.0 = RelWithDebInfo|Win32
		{A458ECE8-D204-3AD4-A795-D6E80EB7DB95}.Debug|Win32.ActiveCfg = Debug|Win32
		{A458ECE8-D204-3AD4-A795-D6E80EB7DB95}.Debug|Win32.Build.0 = Debug|Win32
		{A458ECE8-D204-3AD4-A795-D6E80EB7DB95}.Release|Win32.ActiveCfg = Release|Win32
		{A458ECE8-D204-3AD4-A795-D6E80EB7DB95}.Release|Win32.Build.0 = Release|Win32
		{A458ECE8-D204-3AD4-A795-D6E80EB7DB95}.MinSizeRel|Win32.ActiveCfg = MinSizeRel|Win32
		{A458ECE8-D204-3AD4-A795-D6E80EB7DB95}.MinSizeRel|Win32.Build.0 = MinSizeRel|Win32
		{A458ECE8-D204-3AD4-A795-D6E80EB7DB95}.RelWithDebInfo|Win32.ActiveCfg = RelWithDebInfo|Win32
		{A458ECE8-D204-3AD4-A795-D6E80EB7DB95}.RelWithDebInfo|Win32.Build.0 = RelWithDebInfo|Win32
		{299974C0-802E-356F-8558-E2D68C9DCB90}.Debug|Win32.ActiveCfg = Debug|Win32
		{299974C0-802E-356F-8558-E2D68C9DCB90}.Debug|Win32.Build.0 = Debug|Win32
		{299974C0-802E-356F-8558-E2D68C9DCB90}.Release|Win32.ActiveCfg = Release|Win32
		{299974C0-802E-356F-8558-E2D68C9DCB90}.Release|Win32.Build.0 = Release|Win32
		{299974C0-802E-356F-8558-E2D68C9DCB90}.MinSizeRel|Win32.ActiveCfg = MinSizeRel|Win32
		{299974C0-802E-356F-8558-E2D68C9DCB90}.MinSizeRel|Win32.Build.0 = MinSizeRel|Win32
		{299974C0-802E-356F-8558-E2D68C9DCB90}.RelWithDebInfo|Win32.ActiveCfg = RelWithDebInfo|Win32
		{299974C0-802E-356F-8558-E2D68C9DCB90}.RelWithDebInfo|Win32.Build.0 = RelWithDebInfo|Win32
		{860A56AE-6A7C-322B-89EA-0A43DBE5B6A5}.Debug|Win32.ActiveCfg = Debug|Win32
		{860A56AE-6A7C-322B-89EA-0A43DBE5B6A5}.Debug|Win32.Build.0 = Debug|Win32
		{860A56AE-6A7C-322B-89EA-0A43DBE5B6A5}.Release|Win32.ActiveCfg = Release|Win32
		{860A56AE-6A7C-322B-89EA-0A43DBE5B6A5}.Release|Win32.Build.0 = Release|Win32
		{860A56AE-6A7C-322B-89EA-0A43DBE5B6A5}.MinSizeRel|Win32.ActiveCfg = MinSizeRel|Win32
		{860A56AE-6A7C-322B-89EA-0A43DBE5B6A5}.MinSizeRel|Win32.Build.0 = MinSizeRel|Win32
		{860A56AE-6A7C-322B-89EA-0A43DBE5B6A5}.RelWithDebInfo|Win32.ActiveCfg = RelWithDebInfo|Win32
		{860A56AE-6A7C-322B-89EA-0A43DBE5B6A5}.RelWithDebInfo|Win32.Build.0 = RelWithDebInfo|Win32
		{D4BEC0DD-81AD-37D2-B261-7DF14EC421FC}.Debug|Win32.ActiveCfg = Debug|Win32
		{D4BEC0DD-81AD-37D2-B261-7DF14EC421FC}.Debug|Win32.Build.0 = Debug|Win32
		{D4BEC0DD-81AD-37D2-B261-7DF14EC421FC}.Release|Win32.ActiveCfg = Release|Win32
		{D4BEC0DD-81AD-37D2-B261-7DF14EC421FC}.Release|Win32.Build.0 = Release|Win32
		{D4BEC0DD-81AD-37D2-B261-7DF14EC421FC}.MinSizeRel|Win32.ActiveCfg = MinSizeRel|Win32
		{D4BEC0DD-81AD-37D2-B261-7DF14EC421FC}.MinSizeRel|Win32.Build.0 = MinSizeRel|Win32
		{D4BEC0DD-81AD-37D2-B261-7DF14EC421FC}.RelWithDebInfo|Win32.ActiveCfg = RelWithDebInfo|Win32
		{D4BEC0DD-81AD-37D2-B261-7DF14EC421FC}.RelWithDebInfo|Win32.Build.0 = RelWithDebInfo|Win32
		{B97BA6DF-1B98-365C-A732-D2D858108002}.Debug|Win32.ActiveCfg = Debug|Win32
		{B97BA6DF-1B98-365C-A732-D2D858108002}.Debug|Win32.Build.0 = Debug|Win32
		{B97BA6DF-1B98-365C-A732-D2D858108002}.Release|Win32.ActiveCfg = Release|Win32
		{B97BA6DF-1B98-365C-A732-D2D858108002}.Release|Win32.Build.0 = Release|Win32
		{B97BA6DF-1B98-365C-A732-D2D858108002}.MinSizeRel|Win32.ActiveCfg = MinSizeRel|Win32
		{B97BA6DF-1B98-365C-A732-D2D858108002}.MinSizeRel|Win32.Build.0 = MinSizeRel|Win32
		{B97BA6DF-1B98-365C-A732-D2D858108002}.RelWithDebInfo|Win32.ActiveCfg = RelWithDebInfo|Win32
		{B97BA6DF-1B98-365C-A732-D2D858108002}.RelWithDebInfo|Win32.Build.0 = RelWithDebInfo|Win32
		{23FD4C9D-F3C7-3DCA-9AF6-44D5B1CB683E}.Debug|Win32.ActiveCfg = Debug|Win32
		{23FD4C9D-F3C7-3DCA-9AF6-44D5B1CB683E}.Debug|Win32.Build.0 = Debug|Win32
		{23FD4C9D-F3C7-3DCA-9AF6-44D5B1CB683E}.Release|Win32.ActiveCfg = Release|Win32
		{23FD4C9D-F3C7-3DCA-9AF6-44D5B1CB683E}.Release|Win32.Build.0 = Release|Win32
		{23FD4C9D-F3C7-3DCA-9AF6-44D5B1CB683E}.MinSizeRel|Win32.ActiveCfg = MinSizeRel|Win32
		{23FD4C9D-F3C7-3DCA-9AF6-44D5B1CB683E}.MinSizeRel|Win32.Build.0 = MinSizeRel|Win32
		{23FD4C9D-F3C7-3DCA-9AF6-44D5B1CB683E}.RelWithDebInfo|Win32.ActiveCfg = RelWithDebInfo|Win32
		{23FD4C9D-F3C7-3DCA-9AF6-44D5B1CB683E}.RelWithDebInfo|Win32.Build.0 = RelWithDebInfo|Win32
		{3098A75C-D9B8-324E-9301-CE5D54841C1A}.Debug|Win32.ActiveCfg = Debug|Win32
		{3098A75C-D9B8-324E-9301-CE5D54841C1A}.Debug|Win32.Build.0 = Debug|Win32
		{3098A75C-D9B8-324E-9301-CE5D54841C1A}.Release|Win32.ActiveCfg = Release|Win32
		{3098A75C-D9B8-324E-9301-CE5D54841C1A}.Release|Win32.Build.0 = Release|Win32
		{3098A75C-D9B8-324E-9301-CE5D54841C1A}.MinSizeRel|Win32.ActiveCfg = MinSizeRel|Win32
		{3098A75C-D9B8-324E-9301-CE5D54841C1A}.MinSizeRel|Win32.Build.0 = MinSizeRel|Win32
		{3098A75C-D9B8-324E-9301-CE5D54841C1A}.RelWithDebInfo|Win32.ActiveCfg = RelWithDebInfo|Win32
		{3098A75C-D9B8-324E-9301-CE5D54841C1A}.RelWithDebInfo|Win32.Build.0 = RelWithDebInfo|Win32
		{8FB85C74-8831-38C2-A1F7-9BC895FB958B}.Debug|Win32.ActiveCfg = Debug|Win32
		{8FB85C74-8831-38C2-A1F7-9BC895FB958B}.Debug|Win32.Build.0 = Debug|Win32
		{8FB85C74-8831-38C2-A1F7-9BC895FB958B}.Release|Win32.ActiveCfg = Release|Win32
		{8FB85C74-8831-38C2-A1F7-9BC895FB958B}.Release|Win32.Build.0 = Release|Win32
		{8FB85C74-8831-38C2-A1F7-9BC895FB958B}.MinSizeRel|Win32.ActiveCfg = MinSizeRel|Win32
		{8FB85C74-8831-38C2-A1F7-9BC895FB958B}.MinSizeRel|Win32.Build.0 = MinSizeRel|Win32
		{8FB85C74-8831-38C2-A1F7-9BC895FB958B}.RelWithDebInfo|Win32.ActiveCfg = RelWithDebInfo|Win32
		{8FB85C74-8831-38C2-A1F7-9BC895FB958B}.RelWithDebInfo|Win32.Build.0 = RelWithDebInfo|Win32
	EndGlobalSection
	GlobalSection(NestedProjects) = preSolution
		{638A84B9-9066-32B6-B0C9-17F27A17C85A} = {494F819E-6E57-351A-B865-5EC260360600}
		{DF24D51A-6770-39D5-AC3B-277CE098F96F} = {494F819E-6E57-351A-B865-5EC260360600}
		{7C2F27DE-B8F7-3807-9349-BF73DB7E0E55} = {8CB38F57-0D0D-3DFB-8CCF-E7298E84F2D6}
		{B8569FE2-F5DC-3159-A51A-51B699E438DB} = {8CB38F57-0D0D-3DFB-8CCF-E7298E84F2D6}
		{40CE43A6-4454-386A-AE12-A976171DC72A} = {8CB38F57-0D0D-3DFB-8CCF-E7298E84F2D6}
		{A458ECE8-D204-3AD4-A795-D6E80EB7DB95} = {8CB38F57-0D0D-3DFB-8CCF-E7298E84F2D6}
		{299974C0-802E-356F-8558-E2D68C9DCB90} = {8CB38F57-0D0D-3DFB-8CCF-E7298E84F2D6}
		{860A56AE-6A7C-322B-89EA-0A43DBE5B6A5} = {8CB38F57-0D0D-3DFB-8CCF-E7298E84F2D6}
		{D4BEC0DD-81AD-37D2-B261-7DF14EC421FC} = {8CB38F57-0D0D-3DFB-8CCF-E7298E84F2D6}
		{B97BA6DF-1B98-365C-A732-D2D858108002} = {8CB38F57-0D0D-3DFB-8CCF-E7298E84F2D6}
		{23FD4C9D-F3C7-3DCA-9AF6-44D5B1CB683E} = {8CB38F57-0D0D-3DFB-8CCF-E7298E84F2D6}
		{3098A75C-D9B8-324E-9301-CE5D54841C1A} = {8CB38F57-0D0D-3DFB-8CCF-E7298E84F2D6}
		{8FB85C74-8831-38C2-A1F7-9BC895FB958B} = {8CB38F57-0D0D-3DFB-8CCF-E7298E84F2D6}
		{ACC8A59B-2141-369C-A2B4-70758591991E} = {423AC4AE-69AE-36A8-AE8C-2C87095010DE}
		{F855B679-6764-31A6-98A5-81D1B6D88D4F} = {84824816-E590-3E1A-8347-6D85CA903FBA}
	EndGlobalSection
	GlobalSection(ExtensibilityGlobals) = postSolution
		SolutionGuid = {6F07C7A2-1A81-3985-BCF1-63578F8DAA49}
	EndGlobalSection
	GlobalSection(ExtensibilityAddIns) = postSolution
	EndGlobalSection
EndGlobal
