<?xml version="1.0" encoding="utf-8"?>
<Project ToolsVersion="15.0" xmlns="http://schemas.microsoft.com/developer/msbuild/2003">
  <ItemGroup>
    <ClCompile Include="..\Classes\StageSelectScene.cpp">
      <Filter>Source Files\Classes\Scene</Filter>
    </ClCompile>
    <ClCompile Include="..\Classes\GridObject.cpp">
      <Filter>Source Files\Classes\Grid</Filter>
    </ClCompile>
    <ClCompile Include="..\Classes\Grid.cpp">
      <Filter>Source Files\Classes\Grid</Filter>
    </ClCompile>
    <ClCompile Include="..\Classes\CharacterSpriteFactory.cpp">
      <Filter>Source Files\Classes\Sprite</Filter>
    </ClCompile>
    <ClCompile Include="..\Classes\TileSpriteFactory.cpp">
      <Filter>Source Files\Classes\Sprite</Filter>
    </ClCompile>
    <ClCompile Include="..\Classes\MonsterSpriteFactory.cpp">
      <Filter>Source Files\Classes\Sprite</Filter>
    </ClCompile>
    <ClCompile Include="..\Classes\GUISpriteFactory.cpp">
      <Filter>Source Files\Classes\Sprite</Filter>
    </ClCompile>
    <ClCompile Include="..\Classes\WeaponSpriteFactory.cpp">
      <Filter>Source Files\Classes\Sprite</Filter>
    </ClCompile>
    <ClCompile Include="..\Classes\GUILayer.cpp">
      <Filter>Source Files\Classes\Layer</Filter>
    </ClCompile>
    <ClCompile Include="..\Classes\GridLayer.cpp">
      <Filter>Source Files\Classes\Layer</Filter>
    </ClCompile>
    <ClCompile Include="..\Classes\GUIBoxCreator.cpp">
      <Filter>Source Files\Classes\GUI</Filter>
    </ClCompile>
    <ClCompile Include="..\Classes\TTFLabelBuilder.cpp">
      <Filter>Source Files\Classes\GUI</Filter>
    </ClCompile>
    <ClCompile Include="..\Classes\SkillIconBox.cpp">
      <Filter>Source Files\Classes\GUI</Filter>
    </ClCompile>
    <ClCompile Include="..\Classes\GridTouchListener.cpp">
      <Filter>Source Files\Classes</Filter>
    </ClCompile>
    <ClCompile Include="..\Classes\Skill.cpp">
      <Filter>Source Files\Classes\Skill</Filter>
    </ClCompile>
    <ClCompile Include="..\Classes\SkillCommand.cpp">
      <Filter>Source Files\Classes\Skill</Filter>
    </ClCompile>
    <ClCompile Include="..\Classes\ThrowWeapon.cpp">
      <Filter>Source Files\Classes\Skill</Filter>
    </ClCompile>
    <ClCompile Include="C:\ProjectGG\Classes\AppDelegate.cpp">
      <Filter>Source Files\proj.win32</Filter>
    </ClCompile>
    <ClCompile Include="C:\ProjectGG\Classes\Character.cpp">
      <Filter>Source Files\Classes</Filter>
    </ClCompile>
    <ClCompile Include="C:\ProjectGG\Classes\Monster.cpp">
      <Filter>Source Files\Classes</Filter>
    </ClCompile>
    <ClCompile Include="C:\ProjectGG\Classes\Player.cpp">
      <Filter>Source Files\Classes</Filter>
    </ClCompile>
    <ClCompile Include="C:\ProjectGG\Classes\Status.cpp">
      <Filter>Source Files\Classes</Filter>
    </ClCompile>
    <ClCompile Include="C:\ProjectGG\Classes\TileBuilder.cpp">
      <Filter>Source Files\Classes</Filter>
    </ClCompile>
    <ClCompile Include="C:\ProjectGG\Classes\Weapon.cpp">
      <Filter>Source Files\Classes</Filter>
    </ClCompile>
    <ClCompile Include="C:\ProjectGG\Classes\FightScene.cpp">
      <Filter>Source Files\Classes\Scene</Filter>
    </ClCompile>
    <ClCompile Include="C:\ProjectGG\Classes\CharacterSelectScene.cpp">
      <Filter>Source Files\Classes\Scene</Filter>
    </ClCompile>
    <ClCompile Include="C:\ProjectGG\Classes\GaugeBar.cpp">
      <Filter>Source Files\Classes\GUI</Filter>
    </ClCompile>
    <ClCompile Include="C:\ProjectGG\Classes\GridPathFinder.cpp">
      <Filter>Source Files\Classes\Grid</Filter>
    </ClCompile>
    <ClCompile Include="C:\ProjectGG\Classes\GridPosition.cpp">
      <Filter>Source Files\Classes\Grid</Filter>
    </ClCompile>
    <ClCompile Include="C:\ProjectGG\proj.win32\main.cpp">
      <Filter>Source Files\proj.win32</Filter>
    </ClCompile>
    <ClCompile Include="C:\ProjectGG\Classes\TitleScene.cpp">
      <Filter>Source Files\Classes\Scene</Filter>
    </ClCompile>
    <ClCompile Include="C:\ProjectGG\Classes\SpriteFactory.cpp">
      <Filter>Source Files\Classes\Sprite</Filter>
    </ClCompile>
    <ClCompile Include="..\Classes\Blink.cpp">
      <Filter>Source Files\Classes\Skill</Filter>
    </ClCompile>
  </ItemGroup>
  <ItemGroup>
    <ClInclude Include="..\Classes\StageSelectScene.h">
      <Filter>Source Files\Classes\Scene</Filter>
    </ClInclude>
    <ClInclude Include="..\Classes\GridObject.h">
      <Filter>Source Files\Classes\Grid</Filter>
    </ClInclude>
    <ClInclude Include="..\Classes\Grid.h">
      <Filter>Source Files\Classes\Grid</Filter>
    </ClInclude>
    <ClInclude Include="..\Classes\CharacterSpriteFactory.h">
      <Filter>Source Files\Classes\Sprite</Filter>
    </ClInclude>
    <ClInclude Include="..\Classes\TileSpriteFactory.h">
      <Filter>Source Files\Classes\Sprite</Filter>
    </ClInclude>
    <ClInclude Include="..\Classes\MonsterSpriteFactory.h">
      <Filter>Source Files\Classes\Sprite</Filter>
    </ClInclude>
    <ClInclude Include="..\Classes\GUISpriteFactory.h">
      <Filter>Source Files\Classes\Sprite</Filter>
    </ClInclude>
    <ClInclude Include="..\Classes\WeaponSpriteFactory.h">
      <Filter>Source Files\Classes\Sprite</Filter>
    </ClInclude>
    <ClInclude Include="..\Classes\GUILayer.h">
      <Filter>Source Files\Classes\Layer</Filter>
    </ClInclude>
    <ClInclude Include="..\Classes\GridLayer.h">
      <Filter>Source Files\Classes\Layer</Filter>
    </ClInclude>
    <ClInclude Include="..\Classes\MonsterEnums.h">
      <Filter>Source Files\Classes\Enums</Filter>
    </ClInclude>
    <ClInclude Include="..\Classes\MonsterSpriteFactory.hpp">
      <Filter>Source Files\Classes\Sprite</Filter>
    </ClInclude>
    <ClInclude Include="..\Classes\MonsterEnums.hpp">
      <Filter>Source Files\Classes\Enums</Filter>
    </ClInclude>
    <ClInclude Include="..\Classes\GUIBoxCreator.h">
      <Filter>Source Files\Classes\GUI</Filter>
    </ClInclude>
    <ClInclude Include="..\Classes\SkillIconBox.h">
      <Filter>Source Files\Classes\GUI</Filter>
    </ClInclude>
    <ClInclude Include="..\Classes\TTFLabelBuilder.h">
      <Filter>Source Files\Classes\GUI</Filter>
    </ClInclude>
    <ClInclude Include="..\Classes\GridTouchListener.h">
      <Filter>Source Files\Classes</Filter>
    </ClInclude>
    <ClInclude Include="..\Classes\Skill.h">
      <Filter>Source Files\Classes\Skill</Filter>
    </ClInclude>
    <ClInclude Include="..\Classes\SkillCommand.h">
      <Filter>Source Files\Classes\Skill</Filter>
    </ClInclude>
    <ClInclude Include="..\Classes\ThrowWeapon.h">
      <Filter>Source Files\Classes\Skill</Filter>
    </ClInclude>
    <ClInclude Include="..\Classes\Blink.h">
      <Filter>Source Files\Classes\Skill</Filter>
    </ClInclude>
    <ClInclude Include="C:\ProjectGG\Resources\fonts\arial.ttf">
      <Filter>Resources\fonts</Filter>
    </ClInclude>
    <ClInclude Include="C:\ProjectGG\Resources\fonts\Marker Felt.ttf">
      <Filter>Resources\fonts</Filter>
    </ClInclude>
    <ClInclude Include="C:\ProjectGG\Classes\AppDelegate.h">
      <Filter>Source Files\proj.win32</Filter>
    </ClInclude>
    <ClInclude Include="C:\ProjectGG\Classes\Character.h">
      <Filter>Source Files\Classes</Filter>
    </ClInclude>
    <ClInclude Include="C:\ProjectGG\Classes\Monster.h">
      <Filter>Source Files\Classes</Filter>
    </ClInclude>
    <ClInclude Include="C:\ProjectGG\Classes\Player.h">
      <Filter>Source Files\Classes</Filter>
    </ClInclude>
    <ClInclude Include="C:\ProjectGG\Classes\Status.h">
      <Filter>Source Files\Classes</Filter>
    </ClInclude>
    <ClInclude Include="C:\ProjectGG\Classes\TileBuilder.h">
      <Filter>Source Files\Classes</Filter>
    </ClInclude>
    <ClInclude Include="C:\ProjectGG\Classes\Weapon.h">
      <Filter>Source Files\Classes</Filter>
    </ClInclude>
    <ClInclude Include="C:\ProjectGG\Classes\FightScene.h">
      <Filter>Source Files\Classes\Scene</Filter>
    </ClInclude>
    <ClInclude Include="C:\ProjectGG\Classes\CharacterSelectScene.h">
      <Filter>Source Files\Classes\Scene</Filter>
    </ClInclude>
    <ClInclude Include="C:\ProjectGG\Classes\GaugeBar.h">
      <Filter>Source Files\Classes\GUI</Filter>
    </ClInclude>
    <ClInclude Include="C:\ProjectGG\Classes\GridPathFinder.h">
      <Filter>Source Files\Classes\Grid</Filter>
    </ClInclude>
    <ClInclude Include="C:\ProjectGG\Classes\GridPosition.h">
      <Filter>Source Files\Classes\Grid</Filter>
    </ClInclude>
    <ClInclude Include="C:\ProjectGG\proj.win32\main.h">
      <Filter>Source Files\proj.win32</Filter>
    </ClInclude>
    <ClInclude Include="C:\ProjectGG\proj.win32\resource.h">
      <Filter>Source Files\proj.win32</Filter>
    </ClInclude>
    <ClInclude Include="C:\ProjectGG\Classes\TitleScene.h">
      <Filter>Source Files\Classes\Scene</Filter>
    </ClInclude>
    <ClInclude Include="C:\ProjectGG\Classes\SpriteFactory.h">
      <Filter>Source Files\Classes\Sprite</Filter>
    </ClInclude>
  </ItemGroup>
  <ItemGroup>
    <Filter Include="Resources">
      <UniqueIdentifier>{0801F9F0-F225-33D2-B0A8-EDFE41C96B8F}</UniqueIdentifier>
    </Filter>
    <Filter Include="Resources\fonts">
      <UniqueIdentifier>{B1FE41F4-50EE-38E6-8991-04D9504955D1}</UniqueIdentifier>
    </Filter>
    <Filter Include="Resources\res">
      <UniqueIdentifier>{C627D4A3-1DB4-300D-BC1E-71132FC660D1}</UniqueIdentifier>
    </Filter>
    <Filter Include="Source Files">
      <UniqueIdentifier>{25204146-35D8-3A03-BA18-06053813C06F}</UniqueIdentifier>
    </Filter>
    <Filter Include="Source Files\Classes">
      <UniqueIdentifier>{AD9CF3EC-783C-3D09-BE09-9612214D5800}</UniqueIdentifier>
    </Filter>
    <Filter Include="Source Files\proj.win32">
      <UniqueIdentifier>{FC3AC0D2-C433-338E-ADAC-A98522F0F4E2}</UniqueIdentifier>
    </Filter>
    <Filter Include="Source Files\Classes\Scene">
      <UniqueIdentifier>{d5013f60-929f-4835-975e-0f70fca86e21}</UniqueIdentifier>
    </Filter>
    <Filter Include="Source Files\Classes\Grid">
      <UniqueIdentifier>{608be3d9-4e9a-4414-9291-035ab1376678}</UniqueIdentifier>
    </Filter>
    <Filter Include="Resources\Sprites">
      <UniqueIdentifier>{9bc3a858-8f94-41e1-889f-ca1d5a1813ad}</UniqueIdentifier>
    </Filter>
    <Filter Include="Resources\Sprites\Character">
      <UniqueIdentifier>{8ef1c289-19ea-4b70-b8e4-4bf4f04a8ba0}</UniqueIdentifier>
    </Filter>
    <Filter Include="Resources\Sprites\Tile">
      <UniqueIdentifier>{afc60aeb-6b1e-47df-8cbc-20860e2f91e9}</UniqueIdentifier>
    </Filter>
    <Filter Include="Source Files\Classes\Sprite">
      <UniqueIdentifier>{9fd1c29b-f515-4652-94ed-c27bf75fd94a}</UniqueIdentifier>
    </Filter>
    <Filter Include="Source Files\Classes\Layer">
      <UniqueIdentifier>{391c8e4b-f174-4e24-822e-0b32df7da374}</UniqueIdentifier>
    </Filter>
    <Filter Include="Source Files\Classes\Enums">
      <UniqueIdentifier>{0b0b02f4-ae02-4766-b2e3-0391066edf60}</UniqueIdentifier>
    </Filter>
    <Filter Include="Source Files\Classes\GUI">
      <UniqueIdentifier>{6f4df49b-09d1-465e-a604-f6146b6aa1bd}</UniqueIdentifier>
    </Filter>
    <Filter Include="Source Files\Classes\Skill">
      <UniqueIdentifier>{b4787c8d-be75-4f39-b387-a51d79e96214}</UniqueIdentifier>
    </Filter>
  </ItemGroup>
  <ItemGroup>
    <Font Include="..\Resources\fonts\SDS_6x6.ttf">
      <Filter>Resources\fonts</Filter>
    </Font>
    <Font Include="..\Resources\fonts\SDS_8x8.ttf">
      <Filter>Resources\fonts</Filter>
    </Font>
  </ItemGroup>
  <ItemGroup>
    <None Include="..\Resources\Sprites\Monsters.plist">
      <Filter>Resources\Sprites</Filter>
    </None>
  </ItemGroup>
  <ItemGroup>
    <Image Include="..\Resources\Sprites\Monsters.png">
      <Filter>Resources\Sprites</Filter>
    </Image>
    <Image Include="..\Resources\Sprites\GUIs\GUI0.png">
      <Filter>Resources\Sprites</Filter>
    </Image>
    <Image Include="..\Resources\Sprites\GUIs\GUI1.png">
      <Filter>Resources\Sprites</Filter>
    </Image>
    <Image Include="..\Resources\Sprites\Items\MedWep.png">
      <Filter>Resources\Sprites</Filter>
    </Image>
    <Image Include="..\Resources\Sprites\Characters\Engineer.png">
      <Filter>Resources\Sprites\Character</Filter>
    </Image>
    <Image Include="..\Resources\Sprites\Characters\Mage.png">
      <Filter>Resources\Sprites\Character</Filter>
    </Image>
    <Image Include="..\Resources\Sprites\Characters\Paladin.png">
      <Filter>Resources\Sprites\Character</Filter>
    </Image>
    <Image Include="..\Resources\Sprites\Characters\Rogue.png">
      <Filter>Resources\Sprites\Character</Filter>
    </Image>
    <Image Include="..\Resources\Sprites\Characters\Template.png">
      <Filter>Resources\Sprites\Character</Filter>
    </Image>
    <Image Include="..\Resources\Sprites\Characters\Warrior.png">
      <Filter>Resources\Sprites\Character</Filter>
    </Image>
    <Image Include="..\Resources\Sprites\Tiles\Pit0.png">
      <Filter>Resources\Sprites\Tile</Filter>
    </Image>
    <Image Include="..\Resources\Sprites\Tiles\Pit1.png">
      <Filter>Resources\Sprites\Tile</Filter>
    </Image>
    <Image Include="..\Resources\Sprites\Tiles\Tree0.png">
      <Filter>Resources\Sprites\Tile</Filter>
    </Image>
    <Image Include="..\Resources\Sprites\Tiles\Tree1.png">
      <Filter>Resources\Sprites\Tile</Filter>
    </Image>
    <Image Include="..\Resources\Sprites\Tiles\Floor.png">
      <Filter>Resources\Sprites\Tile</Filter>
    </Image>
  </ItemGroup>
</Project>